
Microsoft Visual Studio Solution File, Format Version 12.00
# Visual Studio Version 16
VisualStudioVersion = 16.0.33130.400
MinimumVisualStudioVersion = 10.0.40219.1
Project("{FAE04EC0-301F-11D3-BF4B-00C04F79EFBC}") = "消失的光芒编辑器aa", "消失的光芒编辑器aa.csproj", "{B3B5C919-E6A6-4CF6-AE14-EA282E04DDD7}"
EndProject
Global
	GlobalSection(SolutionConfigurationPlatforms) = preSolution
		Debug|Any CPU = Debug|Any CPU
		Release|Any CPU = Release|Any CPU
	EndGlobalSection
	GlobalSection(ProjectConfigurationPlatforms) = postSolution
		{B3B5C919-E6A6-4CF6-AE14-EA282E04DDD7}.Debug|Any CPU.ActiveCfg = Debug|Any CPU
		{B3B5C919-E6A6-4CF6-AE14-EA282E04DDD7}.Debug|Any CPU.Build.0 = Debug|Any CPU
		{B3B5C919-E6A6-4CF6-AE14-EA282E04DDD7}.Release|Any CPU.ActiveCfg = Release|Any CPU
		{B3B5C919-E6A6-4CF6-AE14-EA282E04DDD7}.Release|Any CPU.Build.0 = Release|Any CPU
	EndGlobalSection
	GlobalSection(SolutionProperties) = preSolution
		HideSolutionNode = FALSE
	EndGlobalSection
	GlobalSection(ExtensibilityGlobals) = postSolution
		SolutionGuid = {191EE380-6605-4612-9C94-05FFB8464278}
	EndGlobalSection
EndGlobal
